
Microsoft Visual Studio Solution File, Format Version 12.00
# Visual Studio Version 17
VisualStudioVersion = 17.11.35312.102
MinimumVisualStudioVersion = 10.0.40219.1
Project("{FAE04EC0-301F-11D3-BF4B-00C04F79EFBC}") = "MyHomework", "MyHomework\MyHomework.csproj", "{8E0B6998-71F6-49AE-A15D-50FE019AE864}"
EndProject
Global
	GlobalSection(SolutionConfigurationPlatforms) = preSolution
		Debug|Any CPU = Debug|Any CPU
		Release|Any CPU = Release|Any CPU
	EndGlobalSection
	GlobalSection(ProjectConfigurationPlatforms) = postSolution
		{8E0B6998-71F6-49AE-A15D-50FE019AE864}.Debug|Any CPU.ActiveCfg = Debug|Any CPU
		{8E0B6998-71F6-49AE-A15D-50FE019AE864}.Debug|Any CPU.Build.0 = Debug|Any CPU
		{8E0B6998-71F6-49AE-A15D-50FE019AE864}.Release|Any CPU.ActiveCfg = Release|Any CPU
		{8E0B6998-71F6-49AE-A15D-50FE019AE864}.Release|Any CPU.Build.0 = Release|Any CPU
	EndGlobalSection
	GlobalSection(SolutionProperties) = preSolution
		HideSolutionNode = FALSE
	EndGlobalSection
	GlobalSection(ExtensibilityGlobals) = postSolution
		SolutionGuid = {597AFE51-1F13-4F82-A4B3-5194C77E26B7}
	EndGlobalSection
EndGlobal
